PODS:
  - ByteowlsCapacitorFilesharer (2.0.0):
    - Capacitor
  - Capacitor (2.5.0):
    - CapacitorCordova
  - CapacitorCordova (2.5.0)
  - CapacitorDataStorageSqlite (2.4.5):
    - Capacitor
    - SQLCipher
  - CapacitorFileSelector (0.0.4):
    - Capacitor
  - SQLCipher (4.4.3):
    - SQLCipher/standard (= 4.4.3)
  - SQLCipher/common (4.4.3)
  - SQLCipher/standard (4.4.3):
    - SQLCipher/common

DEPENDENCIES:
  - "ByteowlsCapacitorFilesharer (from `../../../../node_modules/@byteowls/capacitor-filesharer`)"
  - "Capacitor (from `../../../../node_modules/@capacitor/ios`)"
  - "CapacitorCordova (from `../../../../node_modules/@capacitor/ios`)"
  - CapacitorDataStorageSqlite (from `../../../../node_modules/capacitor-data-storage-sqlite`)
  - CapacitorFileSelector (from `../../../../node_modules/capacitor-file-selector`)

SPEC REPOS:
  trunk:
    - SQLCipher

EXTERNAL SOURCES:
  ByteowlsCapacitorFilesharer:
    :path: "../../../../node_modules/@byteowls/capacitor-filesharer"
  Capacitor:
    :path: "../../../../node_modules/@capacitor/ios"
  CapacitorCordova:
    :path: "../../../../node_modules/@capacitor/ios"
  CapacitorDataStorageSqlite:
    :path: "../../../../node_modules/capacitor-data-storage-sqlite"
  CapacitorFileSelector:
    :path: "../../../../node_modules/capacitor-file-selector"

SPEC CHECKSUMS:
  ByteowlsCapacitorFilesharer: 47ed630b8d8f9c91b6ba5197d4e5be7513e633e7
  Capacitor: cf2174bec9bfe65f1c956616ac1d94afcef7d24d
  CapacitorCordova: 03d0a19b737e65c94825b20222c804d5467e1c5e
  CapacitorDataStorageSqlite: e5c6a0ef08858bd048e5a976d663bfcdeb35c2bf
  CapacitorFileSelector: 4ccc8108f5b301929d8da529269a74fc0e6901bb
  SQLCipher: 155ffeafc9ac102e5c9b68e3e9a1297a98a27096

PODFILE CHECKSUM: 050e8d080daf4314e8945863018f50aaa52a2bbe

COCOAPODS: 1.11.3
