PODS:
  - ByteowlsCapacitorFilesharer (2.0.0):
    - Capacitor
  - Capacitor (2.4.6):
    - CapacitorCordova
  - CapacitorCordova (2.4.6)
  - CapacitorDataStorageSqlite (2.4.5):
    - Capacitor
    - SQLCipher
  - CapacitorFileSelector (0.0.4):
    - Capacitor
  - SQLCipher (4.3.0):
    - SQLCipher/standard (= 4.3.0)
  - SQLCipher/common (4.3.0)
  - SQLCipher/standard (4.3.0):
    - SQLCipher/common

DEPENDENCIES:
  - "ByteowlsCapacitorFilesharer (from `../../../../node_modules/@byteowls/capacitor-filesharer`)"
  - "Capacitor (from `../../../../node_modules/@capacitor/ios`)"
  - "CapacitorCordova (from `../../../../node_modules/@capacitor/ios`)"
  - CapacitorDataStorageSqlite (from `../../../../node_modules/capacitor-data-storage-sqlite`)
  - CapacitorFileSelector (from `../../../../node_modules/capacitor-file-selector`)

SPEC REPOS:
  trunk:
    - SQLCipher

EXTERNAL SOURCES:
  ByteowlsCapacitorFilesharer:
    :path: "../../../../node_modules/@byteowls/capacitor-filesharer"
  Capacitor:
    :path: "../../../../node_modules/@capacitor/ios"
  CapacitorCordova:
    :path: "../../../../node_modules/@capacitor/ios"
  CapacitorDataStorageSqlite:
    :path: "../../../../node_modules/capacitor-data-storage-sqlite"
  CapacitorFileSelector:
    :path: "../../../../node_modules/capacitor-file-selector"

SPEC CHECKSUMS:
  ByteowlsCapacitorFilesharer: fb53acb4aba25134696ee965b460aed4b5be7538
  Capacitor: 0f131577d41c082931f00cc080e2289d503465c8
  CapacitorCordova: 3375b39b5ebca770ac7869f85e4dea32a642c9e0
  CapacitorDataStorageSqlite: 88f4b1d8c9fe202afeaeb4beecab3d76b6be0012
  CapacitorFileSelector: b2af1fd522ec9e4214e0b11f73171075cea79894
  SQLCipher: d305a7bd9af4b64f095c79bdc1a1fa50f2a15116

PODFILE CHECKSUM: 050e8d080daf4314e8945863018f50aaa52a2bbe

COCOAPODS: 1.8.4
