{
  "requires": true,
  "lockfileVersion": 1,
  "dependencies": {
    "@byteowls/capacitor-filesharer": {
      "version": "4.0.0",
      "resolved": "https://registry.npmjs.org/@byteowls/capacitor-filesharer/-/capacitor-filesharer-4.0.0.tgz",
      "integrity": "sha512-lqXjiQuw9viysPsG17V2ZWaUe0kNqSjk6wIkP13RgQ8jI+e1LqIfKZ+r+anSQzrAbdCOk850+SsfHQ6dZjttew==",
      "requires": {
        "file-saver": "2.0.5"
      }
    },
    "@capacitor/android": {
      "version": "4.6.2",
      "resolved": "https://registry.npmjs.org/@capacitor/android/-/android-4.6.2.tgz",
      "integrity": "sha512-PQpOJnMi0i/d4UrT8bPdfkwlKAlQLgsyo2YKj+iUYjEIu8sKQvqDirLYnpeKhj4cflIG2u9mh/eFncooA+u2gw=="
    },
    "@capacitor/ios": {
      "version": "4.6.2",
      "resolved": "https://registry.npmjs.org/@capacitor/ios/-/ios-4.6.2.tgz",
      "integrity": "sha512-3hQzbAOk+drCLyFjnytvkc20Mr077/9tQrv6iTghDXESDGR6EgcaYUXzKdVwuJscb0R459+5UQ2mYtkx6ES4TQ=="
    },
    "@capawesome/capacitor-file-picker": {
      "version": "0.5.9",
      "resolved": "https://registry.npmjs.org/@capawesome/capacitor-file-picker/-/capacitor-file-picker-0.5.9.tgz",
      "integrity": "sha512-uiVkjtFHZ1NyRjGAMaRSP1Eq/3a56oPCQ/XNWqmOkHAqj9ekIO8SP7eRh/StM+S9DEotH3irq1e6Bbrc/I486A=="
    },
    "capacitor-data-storage-sqlite": {
      "version": "4.0.1",
      "resolved": "https://registry.npmjs.org/capacitor-data-storage-sqlite/-/capacitor-data-storage-sqlite-4.0.1.tgz",
      "integrity": "sha512-BF+bt6PUJJBZjcToHh8i0kYq3VuaL5iF7J1b7olC2N7o8OzI1hZoOrzu8sXC34Ci2hJHSu7e5CJx0wZc+6VYAA==",
      "requires": {
        "localforage": "^1.10.0"
      }
    },
    "file-saver": {
      "version": "2.0.5",
      "resolved": "https://registry.npmjs.org/file-saver/-/file-saver-2.0.5.tgz",
      "integrity": "sha512-P9bmyZ3h/PRG+Nzga+rbdI4OEpNDzAVyy74uVO9ATgzLK6VtAsYybF/+TOCvrc0MO793d6+42lLyZTw7/ArVzA=="
    },
    "immediate": {
      "version": "3.0.6",
      "resolved": "https://registry.npmjs.org/immediate/-/immediate-3.0.6.tgz",
      "integrity": "sha512-XXOFtyqDjNDAQxVfYxuF7g9Il/IbWmmlQg2MYKOH8ExIT1qg6xc4zyS3HaEEATgs1btfzxq15ciUiY7gjSXRGQ=="
    },
    "lie": {
      "version": "3.1.1",
      "resolved": "https://registry.npmjs.org/lie/-/lie-3.1.1.tgz",
      "integrity": "sha512-RiNhHysUjhrDQntfYSfY4MU24coXXdEOgw9WGcKHNeEwffDYbF//u87M1EWaMGzuFoSbqW0C9C6lEEhDOAswfw==",
      "requires": {
        "immediate": "~3.0.5"
      }
    },
    "localforage": {
      "version": "1.10.0",
      "resolved": "https://registry.npmjs.org/localforage/-/localforage-1.10.0.tgz",
      "integrity": "sha512-14/H1aX7hzBBmmh7sGPd+AOMkkIrHM3Z1PAyGgZigA1H1p5O5ANnMyWzvpAETtG68/dC4pC0ncy3+PPGzXZHPg==",
      "requires": {
        "lie": "3.1.1"
      }
    }
  }
}
